
Microsoft Visual Studio Solution File, Format Version 12.00
# Visual Studio Version 16
VisualStudioVersion = 16.0.31402.337
MinimumVisualStudioVersion = 10.0.40219.1
Project("{FAE04EC0-301F-11D3-BF4B-00C04F79EFBC}") = "Regex - HW", "Regex - HW\Regex - HW.csproj", "{F98A2D2C-A1CD-4BF8-A5BF-818D90D4CBCB}"
EndProject
Global
	GlobalSection(SolutionConfigurationPlatforms) = preSolution
		Debug|Any CPU = Debug|Any CPU
		Release|Any CPU = Release|Any CPU
	EndGlobalSection
	GlobalSection(ProjectConfigurationPlatforms) = postSolution
		{F98A2D2C-A1CD-4BF8-A5BF-818D90D4CBCB}.Debug|Any CPU.ActiveCfg = Debug|Any CPU
		{F98A2D2C-A1CD-4BF8-A5BF-818D90D4CBCB}.Debug|Any CPU.Build.0 = Debug|Any CPU
		{F98A2D2C-A1CD-4BF8-A5BF-818D90D4CBCB}.Release|Any CPU.ActiveCfg = Release|Any CPU
		{F98A2D2C-A1CD-4BF8-A5BF-818D90D4CBCB}.Release|Any CPU.Build.0 = Release|Any CPU
	EndGlobalSection
	GlobalSection(SolutionProperties) = preSolution
		HideSolutionNode = FALSE
	EndGlobalSection
	GlobalSection(ExtensibilityGlobals) = postSolution
		SolutionGuid = {5AA8DE3E-E7C3-4BC5-82D6-900473175834}
	EndGlobalSection
EndGlobal
